
Microsoft Visual Studio Solution File, Format Version 12.00
# Visual Studio Version 17
VisualStudioVersion = 17.0.31912.275
MinimumVisualStudioVersion = 10.0.40219.1
Project("{FAE04EC0-301F-11D3-BF4B-00C04F79EFBC}") = "SekretariatSzkoly", "SekretariatSzkoly\SekretariatSzkoly.csproj", "{DE928620-66FF-4983-894B-A853E02F0BDE}"
EndProject
Global
	GlobalSection(SolutionConfigurationPlatforms) = preSolution
		Debug|Any CPU = Debug|Any CPU
		Release|Any CPU = Release|Any CPU
	EndGlobalSection
	GlobalSection(ProjectConfigurationPlatforms) = postSolution
		{DE928620-66FF-4983-894B-A853E02F0BDE}.Debug|Any CPU.ActiveCfg = Debug|Any CPU
		{DE928620-66FF-4983-894B-A853E02F0BDE}.Debug|Any CPU.Build.0 = Debug|Any CPU
		{DE928620-66FF-4983-894B-A853E02F0BDE}.Release|Any CPU.ActiveCfg = Release|Any CPU
		{DE928620-66FF-4983-894B-A853E02F0BDE}.Release|Any CPU.Build.0 = Release|Any CPU
	EndGlobalSection
	GlobalSection(SolutionProperties) = preSolution
		HideSolutionNode = FALSE
	EndGlobalSection
	GlobalSection(ExtensibilityGlobals) = postSolution
		SolutionGuid = {3FD51B9C-FC13-4FBA-B99A-B3D8ACA57C54}
	EndGlobalSection
EndGlobal
